// !$*UTF8*$!
{
	archiveVersion = 1;
	classes = {
	};
	objectVersion = 55;
	objects = {

/* Begin PBXBuildFile section */
		6CB56D6728C8D98A00F78342 /* AppDelegate.swift in Sources */ = {isa = PBXBuildFile; fileRef = 6CB56D6628C8D98A00F78342 /* AppDelegate.swift */; };
		6CB56D6928C8D98A00F78342 /* SceneDelegate.swift in Sources */ = {isa = PBXBuildFile; fileRef = 6CB56D6828C8D98A00F78342 /* SceneDelegate.swift */; };
		6CB56D6B28C8D98A00F78342 /* ViewController.swift in Sources */ = {isa = PBXBuildFile; fileRef = 6CB56D6A28C8D98A00F78342 /* ViewController.swift */; };
		6CB56D6E28C8D98A00F78342 /* Main.storyboard in Resources */ = {isa = PBXBuildFile; fileRef = 6CB56D6C28C8D98A00F78342 /* Main.storyboard */; };
		6CB56D7128C8D98A00F78342 /* opieswijnkelder3.xcdatamodeld in Sources */ = {isa = PBXBuildFile; fileRef = 6CB56D6F28C8D98A00F78342 /* opieswijnkelder3.xcdatamodeld */; };
		6CB56D7328C8D98A00F78342 /* Assets.xcassets in Resources */ = {isa = PBXBuildFile; fileRef = 6CB56D7228C8D98A00F78342 /* Assets.xcassets */; };
		6CB56D7628C8D98A00F78342 /* LaunchScreen.storyboard in Resources */ = {isa = PBXBuildFile; fileRef = 6CB56D7428C8D98A00F78342 /* LaunchScreen.storyboard */; };
/* End PBXBuildFile section */

/* Begin PBXFileReference section */
		6CB56D6328C8D98A00F78342 /* opieswijnkelder3.app */ = {isa = PBXFileReference; explicitFileType = wrapper.application; includeInIndex = 0; path = opieswijnkelder3.app; sourceTree = BUILT_PRODUCTS_DIR; };
		6CB56D6628C8D98A00F78342 /* AppDelegate.swift */ = {isa = PBXFileReference; lastKnownFileType = sourcecode.swift; path = AppDelegate.swift; sourceTree = "<group>"; };
		6CB56D6828C8D98A00F78342 /* SceneDelegate.swift */ = {isa = PBXFileReference; lastKnownFileType = sourcecode.swift; path = SceneDelegate.swift; sourceTree = "<group>"; };
		6CB56D6A28C8D98A00F78342 /* ViewController.swift */ = {isa = PBXFileReference; lastKnownFileType = sourcecode.swift; path = ViewController.swift; sourceTree = "<group>"; };
		6CB56D6D28C8D98A00F78342 /* Base */ = {isa = PBXFileReference; lastKnownFileType = file.storyboard; name = Base; path = Base.lproj/Main.storyboard; sourceTree = "<group>"; };
		6CB56D7028C8D98A00F78342 /* opieswijnkelder3.xcdatamodel */ = {isa = PBXFileReference; lastKnownFileType = wrapper.xcdatamodel; path = opieswijnkelder3.xcdatamodel; sourceTree = "<group>"; };
		6CB56D7228C8D98A00F78342 /* Assets.xcassets */ = {isa = PBXFileReference; lastKnownFileType = folder.assetcatalog; path = Assets.xcassets; sourceTree = "<group>"; };
		6CB56D7528C8D98A00F78342 /* Base */ = {isa = PBXFileReference; lastKnownFileType = file.storyboard; name = Base; path = Base.lproj/LaunchScreen.storyboard; sourceTree = "<group>"; };
		6CB56D7728C8D98A00F78342 /* Info.plist */ = {isa = PBXFileReference; lastKnownFileType = text.plist.xml; path = Info.plist; sourceTree = "<group>"; };
/* End PBXFileReference section */

/* Begin PBXFrameworksBuildPhase section */
		6CB56D6028C8D98A00F78342 /* Frameworks */ = {
			isa = PBXFrameworksBuildPhase;
			buildActionMask = 2147483647;
			files = (
			);
			runOnlyForDeploymentPostprocessing = 0;
		};
/* End PBXFrameworksBuildPhase section */

/* Begin PBXGroup section */
		6CB56D5A28C8D98A00F78342 = {
			isa = PBXGroup;
			children = (
				6CB56D6528C8D98A00F78342 /* opieswijnkelder3 */,
				6CB56D6428C8D98A00F78342 /* Products */,
			);
			sourceTree = "<group>";
		};
		6CB56D6428C8D98A00F78342 /* Products */ = {
			isa = PBXGroup;
			children = (
				6CB56D6328C8D98A00F78342 /* opieswijnkelder3.app */,
			);
			name = Products;
			sourceTree = "<group>";
		};
		6CB56D6528C8D98A00F78342 /* opieswijnkelder3 */ = {
			isa = PBXGroup;
			children = (
				6CB56D6628C8D98A00F78342 /* AppDelegate.swift */,
				6CB56D6828C8D98A00F78342 /* SceneDelegate.swift */,
				6CB56D6A28C8D98A00F78342 /* ViewController.swift */,
				6CB56D6C28C8D98A00F78342 /* Main.storyboard */,
				6CB56D7228C8D98A00F78342 /* Assets.xcassets */,
				6CB56D7428C8D98A00F78342 /* LaunchScreen.storyboard */,
				6CB56D7728C8D98A00F78342 /* Info.plist */,
				6CB56D6F28C8D98A00F78342 /* opieswijnkelder3.xcdatamodeld */,
			);
			path = opieswijnkelder3;
			sourceTree = "<group>";
		};
/* End PBXGroup section */

/* Begin PBXNativeTarget section */
		6CB56D6228C8D98A00F78342 /* opieswijnkelder3 */ = {
			isa = PBXNativeTarget;
			buildConfigurationList = 6CB56D7A28C8D98A00F78342 /* Build configuration list for PBXNativeTarget "opieswijnkelder3" */;
			buildPhases = (
				6CB56D5F28C8D98A00F78342 /* Sources */,
				6CB56D6028C8D98A00F78342 /* Frameworks */,
				6CB56D6128C8D98A00F78342 /* Resources */,
			);
			buildRules = (
			);
			dependencies = (
			);
			name = opieswijnkelder3;
			productName = opieswijnkelder3;
			productReference = 6CB56D6328C8D98A00F78342 /* opieswijnkelder3.app */;
			productType = "com.apple.product-type.application";
		};
/* End PBXNativeTarget section */

/* Begin PBXProject section */
		6CB56D5B28C8D98A00F78342 /* Project object */ = {
			isa = PBXProject;
			attributes = {
				BuildIndependentTargetsInParallel = 1;
				LastSwiftUpdateCheck = 1340;
				LastUpgradeCheck = 1340;
				TargetAttributes = {
					6CB56D6228C8D98A00F78342 = {
						CreatedOnToolsVersion = 13.4.1;
					};
				};
			};
			buildConfigurationList = 6CB56D5E28C8D98A00F78342 /* Build configuration list for PBXProject "opieswijnkelder3" */;
			compatibilityVersion = "Xcode 13.0";
			developmentRegion = en;
			hasScannedForEncodings = 0;
			knownRegions = (
				en,
				Base,
			);
			mainGroup = 6CB56D5A28C8D98A00F78342;
			productRefGroup = 6CB56D6428C8D98A00F78342 /* Products */;
			projectDirPath = "";
			projectRoot = "";
			targets = (
				6CB56D6228C8D98A00F78342 /* opieswijnkelder3 */,
			);
		};
/* End PBXProject section */

/* Begin PBXResourcesBuildPhase section */
		6CB56D6128C8D98A00F78342 /* Resources */ = {
			isa = PBXResourcesBuildPhase;
			buildActionMask = 2147483647;
			files = (
				6CB56D7628C8D98A00F78342 /* LaunchScreen.storyboard in Resources */,
				6CB56D7328C8D98A00F78342 /* Assets.xcassets in Resources */,
				6CB56D6E28C8D98A00F78342 /* Main.storyboard in Resources */,
			);
			runOnlyForDeploymentPostprocessing = 0;
		};
/* End PBXResourcesBuildPhase section */

/* Begin PBXSourcesBuildPhase section */
		6CB56D5F28C8D98A00F78342 /* Sources */ = {
			isa = PBXSourcesBuildPhase;
			buildActionMask = 2147483647;
			files = (
				6CB56D6B28C8D98A00F78342 /* ViewController.swift in Sources */,
				6CB56D6728C8D98A00F78342 /* AppDelegate.swift in Sources */,
				6CB56D6928C8D98A00F78342 /* SceneDelegate.swift in Sources */,
				6CB56D7128C8D98A00F78342 /* opieswijnkelder3.xcdatamodeld in Sources */,
			);
			runOnlyForDeploymentPostprocessing = 0;
		};
/* End PBXSourcesBuildPhase section */

/* Begin PBXVariantGroup section */
		6CB56D6C28C8D98A00F78342 /* Main.storyboard */ = {
			isa = PBXVariantGroup;
			children = (
				6CB56D6D28C8D98A00F78342 /* Base */,
			);
			name = Main.storyboard;
			sourceTree = "<group>";
		};
		6CB56D7428C8D98A00F78342 /* LaunchScreen.storyboard */ = {
			isa = PBXVariantGroup;
			children = (
				6CB56D7528C8D98A00F78342 /* Base */,
			);
			name = LaunchScreen.storyboard;
			sourceTree = "<group>";
		};
/* End PBXVariantGroup section */

/* Begin XCBuildConfiguration section */
		6CB56D7828C8D98A00F78342 /* Debug */ = {
			isa = XCBuildConfiguration;
			buildSettings = {
				ALWAYS_SEARCH_USER_PATHS = NO;
				CLANG_ANALYZER_NONNULL = YES;
				CLANG_ANALYZER_NUMBER_OBJECT_CONVERSION = YES_AGGRESSIVE;
				CLANG_CXX_LANGUAGE_STANDARD = "gnu++17";
				CLANG_ENABLE_MODULES = YES;
				CLANG_ENABLE_OBJC_ARC = YES;
				CLANG_ENABLE_OBJC_WEAK = YES;
				CLANG_WARN_BLOCK_CAPTURE_AUTORELEASING = YES;
				CLANG_WARN_BOOL_CONVERSION = YES;
				CLANG_WARN_COMMA = YES;
				CLANG_WARN_CONSTANT_CONVERSION = YES;
				CLANG_WARN_DEPRECATED_OBJC_IMPLEMENTATIONS = YES;
				CLANG_WARN_DIRECT_OBJC_ISA_USAGE = YES_ERROR;
				CLANG_WARN_DOCUMENTATION_COMMENTS = YES;
				CLANG_WARN_EMPTY_BODY = YES;
				CLANG_WARN_ENUM_CONVERSION = YES;
				CLANG_WARN_INFINITE_RECURSION = YES;
				CLANG_WARN_INT_CONVERSION = YES;
				CLANG_WARN_NON_LITERAL_NULL_CONVERSION = YES;
				CLANG_WARN_OBJC_IMPLICIT_RETAIN_SELF = YES;
				CLANG_WARN_OBJC_LITERAL_CONVERSION = YES;
				CLANG_WARN_OBJC_ROOT_CLASS = YES_ERROR;
				CLANG_WARN_QUOTED_INCLUDE_IN_FRAMEWORK_HEADER = YES;
				CLANG_WARN_RANGE_LOOP_ANALYSIS = YES;
				CLANG_WARN_STRICT_PROTOTYPES = YES;
				CLANG_WARN_SUSPICIOUS_MOVE = YES;
				CLANG_WARN_UNGUARDED_AVAILABILITY = YES_AGGRESSIVE;
				CLANG_WARN_UNREACHABLE_CODE = YES;
				CLANG_WARN__DUPLICATE_METHOD_MATCH = YES;
				COPY_PHASE_STRIP = NO;
				DEBUG_INFORMATION_FORMAT = dwarf;
				ENABLE_STRICT_OBJC_MSGSEND = YES;
				ENABLE_TESTABILITY = YES;
				GCC_C_LANGUAGE_STANDARD = gnu11;
				GCC_DYNAMIC_NO_PIC = NO;
				GCC_NO_COMMON_BLOCKS = YES;
				GCC_OPTIMIZATION_LEVEL = 0;
				GCC_PREPROCESSOR_DEFINITIONS = (
					"DEBUG=1",
					"$(inherited)",
				);
				GCC_WARN_64_TO_32_BIT_CONVERSION = YES;
				GCC_WARN_ABOUT_RETURN_TYPE = YES_ERROR;
				GCC_WARN_UNDECLARED_SELECTOR = YES;
				GCC_WARN_UNINITIALIZED_AUTOS = YES_AGGRESSIVE;
				GCC_WARN_UNUSED_FUNCTION = YES;
				GCC_WARN_UNUSED_VARIABLE = YES;
				IPHONEOS_DEPLOYMENT_TARGET = 15.5;
				MTL_ENABLE_DEBUG_INFO = INCLUDE_SOURCE;
				MTL_FAST_MATH = YES;
				ONLY_ACTIVE_ARCH = YES;
				SDKROOT = iphoneos;
				SWIFT_ACTIVE_COMPILATION_CONDITIONS = DEBUG;
				SWIFT_OPTIMIZATION_LEVEL = "-Onone";
			};
			name = Debug;
		};
		6CB56D7928C8D98A00F78342 /* Release */ = {
			isa = XCBuildConfiguration;
			buildSettings = {
				ALWAYS_SEARCH_USER_PATHS = NO;
				CLANG_ANALYZER_NONNULL = YES;
				CLANG_ANALYZER_NUMBER_OBJECT_CONVERSION = YES_AGGRESSIVE;
				CLANG_CXX_LANGUAGE_STANDARD = "gnu++17";
				CLANG_ENABLE_MODULES = YES;
				CLANG_ENABLE_OBJC_ARC = YES;
				CLANG_ENABLE_OBJC_WEAK = YES;
				CLANG_WARN_BLOCK_CAPTURE_AUTORELEASING = YES;
				CLANG_WARN_BOOL_CONVERSION = YES;
				CLANG_WARN_COMMA = YES;
				CLANG_WARN_CONSTANT_CONVERSION = YES;
				CLANG_WARN_DEPRECATED_OBJC_IMPLEMENTATIONS = YES;
				CLANG_WARN_DIRECT_OBJC_ISA_USAGE = YES_ERROR;
				CLANG_WARN_DOCUMENTATION_COMMENTS = YES;
				CLANG_WARN_EMPTY_BODY = YES;
				CLANG_WARN_ENUM_CONVERSION = YES;
				CLANG_WARN_INFINITE_RECURSION = YES;
				CLANG_WARN_INT_CONVERSION = YES;
				CLANG_WARN_NON_LITERAL_NULL_CONVERSION = YES;
				CLANG_WARN_OBJC_IMPLICIT_RETAIN_SELF = YES;
				CLANG_WARN_OBJC_LITERAL_CONVERSION = YES;
				CLANG_WARN_OBJC_ROOT_CLASS = YES_ERROR;
				CLANG_WARN_QUOTED_INCLUDE_IN_FRAMEWORK_HEADER = YES;
				CLANG_WARN_RANGE_LOOP_ANALYSIS = YES;
				CLANG_WARN_STRICT_PROTOTYPES = YES;
				CLANG_WARN_SUSPICIOUS_MOVE = YES;
				CLANG_WARN_UNGUARDED_AVAILABILITY = YES_AGGRESSIVE;
				CLANG_WARN_UNREACHABLE_CODE = YES;
				CLANG_WARN__DUPLICATE_METHOD_MATCH = YES;
				COPY_PHASE_STRIP = NO;
				DEBUG_INFORMATION_FORMAT = "dwarf-with-dsym";
				ENABLE_NS_ASSERTIONS = NO;
				ENABLE_STRICT_OBJC_MSGSEND = YES;
				GCC_C_LANGUAGE_STANDARD = gnu11;
				GCC_NO_COMMON_BLOCKS = YES;
				GCC_WARN_64_TO_32_BIT_CONVERSION = YES;
				GCC_WARN_ABOUT_RETURN_TYPE = YES_ERROR;
				GCC_WARN_UNDECLARED_SELECTOR = YES;
				GCC_WARN_UNINITIALIZED_AUTOS = YES_AGGRESSIVE;
				GCC_WARN_UNUSED_FUNCTION = YES;
				GCC_WARN_UNUSED_VARIABLE = YES;
				IPHONEOS_DEPLOYMENT_TARGET = 15.5;
				MTL_ENABLE_DEBUG_INFO = NO;
				MTL_FAST_MATH = YES;
				SDKROOT = iphoneos;
				SWIFT_COMPILATION_MODE = wholemodule;
				SWIFT_OPTIMIZATION_LEVEL = "-O";
				VALIDATE_PRODUCT = YES;
			};
			name = Release;
		};
		6CB56D7B28C8D98A00F78342 /* Debug */ = {
			isa = XCBuildConfiguration;
			buildSettings = {
				ASSETCATALOG_COMPILER_APPICON_NAME = AppIcon;
				ASSETCATALOG_COMPILER_GLOBAL_ACCENT_COLOR_NAME = AccentColor;
				CODE_SIGN_STYLE = Automatic;
				CURRENT_PROJECT_VERSION = 1;
				DEVELOPMENT_TEAM = 54VBWJZ68V;
				GENERATE_INFOPLIST_FILE = YES;
				INFOPLIST_FILE = opieswijnkelder3/Info.plist;
				INFOPLIST_KEY_UIApplicationSupportsIndirectInputEvents = YES;
				INFOPLIST_KEY_UILaunchStoryboardName = LaunchScreen;
				INFOPLIST_KEY_UIMainStoryboardFile = Main;
				INFOPLIST_KEY_UISupportedInterfaceOrientations_iPad = "UIInterfaceOrientationPortrait UIInterfaceOrientationPortraitUpsideDown UIInterfaceOrientationLandscapeLeft UIInterfaceOrientationLandscapeRight";
				INFOPLIST_KEY_UISupportedInterfaceOrientations_iPhone = "UIInterfaceOrientationPortrait UIInterfaceOrientationLandscapeLeft UIInterfaceOrientationLandscapeRight";
				LD_RUNPATH_SEARCH_PATHS = (
					"$(inherited)",
					"@executable_path/Frameworks",
				);
				MARKETING_VERSION = 1.0;
				PRODUCT_BUNDLE_IDENTIFIER = be.kasperreynders.opieswijnkelder3;
				PRODUCT_NAME = "$(TARGET_NAME)";
				SWIFT_EMIT_LOC_STRINGS = YES;
				SWIFT_VERSION = 5.0;
				TARGETED_DEVICE_FAMILY = "1,2";
			};
			name = Debug;
		};
		6CB56D7C28C8D98A00F78342 /* Release */ = {
			isa = XCBuildConfiguration;
			buildSettings = {
				ASSETCATALOG_COMPILER_APPICON_NAME = AppIcon;
				ASSETCATALOG_COMPILER_GLOBAL_ACCENT_COLOR_NAME = AccentColor;
				CODE_SIGN_STYLE = Automatic;
				CURRENT_PROJECT_VERSION = 1;
				DEVELOPMENT_TEAM = 54VBWJZ68V;
				GENERATE_INFOPLIST_FILE = YES;
				INFOPLIST_FILE = opieswijnkelder3/Info.plist;
				INFOPLIST_KEY_UIApplicationSupportsIndirectInputEvents = YES;
				INFOPLIST_KEY_UILaunchStoryboardName = LaunchScreen;
				INFOPLIST_KEY_UIMainStoryboardFile = Main;
				INFOPLIST_KEY_UISupportedInterfaceOrientations_iPad = "UIInterfaceOrientationPortrait UIInterfaceOrientationPortraitUpsideDown UIInterfaceOrientationLandscapeLeft UIInterfaceOrientationLandscapeRight";
				INFOPLIST_KEY_UISupportedInterfaceOrientations_iPhone = "UIInterfaceOrientationPortrait UIInterfaceOrientationLandscapeLeft UIInterfaceOrientationLandscapeRight";
				LD_RUNPATH_SEARCH_PATHS = (
					"$(inherited)",
					"@executable_path/Frameworks",
				);
				MARKETING_VERSION = 1.0;
				PRODUCT_BUNDLE_IDENTIFIER = be.kasperreynders.opieswijnkelder3;
				PRODUCT_NAME = "$(TARGET_NAME)";
				SWIFT_EMIT_LOC_STRINGS = YES;
				SWIFT_VERSION = 5.0;
				TARGETED_DEVICE_FAMILY = "1,2";
			};
			name = Release;
		};
/* End XCBuildConfiguration section */

/* Begin XCConfigurationList section */
		6CB56D5E28C8D98A00F78342 /* Build configuration list for PBXProject "opieswijnkelder3" */ = {
			isa = XCConfigurationList;
			buildConfigurations = (
				6CB56D7828C8D98A00F78342 /* Debug */,
				6CB56D7928C8D98A00F78342 /* Release */,
			);
			defaultConfigurationIsVisible = 0;
			defaultConfigurationName = Release;
		};
		6CB56D7A28C8D98A00F78342 /* Build configuration list for PBXNativeTarget "opieswijnkelder3" */ = {
			isa = XCConfigurationList;
			buildConfigurations = (
				6CB56D7B28C8D98A00F78342 /* Debug */,
				6CB56D7C28C8D98A00F78342 /* Release */,
			);
			defaultConfigurationIsVisible = 0;
			defaultConfigurationName = Release;
		};
/* End XCConfigurationList section */

/* Begin XCVersionGroup section */
		6CB56D6F28C8D98A00F78342 /* opieswijnkelder3.xcdatamodeld */ = {
			isa = XCVersionGroup;
			children = (
				6CB56D7028C8D98A00F78342 /* opieswijnkelder3.xcdatamodel */,
			);
			currentVersion = 6CB56D7028C8D98A00F78342 /* opieswijnkelder3.xcdatamodel */;
			path = opieswijnkelder3.xcdatamodeld;
			sourceTree = "<group>";
			versionGroupType = wrapper.xcdatamodel;
		};
/* End XCVersionGroup section */
	};
	rootObject = 6CB56D5B28C8D98A00F78342 /* Project object */;
}
